
Microsoft Visual Studio Solution File, Format Version 12.00
# Visual Studio 15
VisualStudioVersion = 15.0.27004.2009
MinimumVisualStudioVersion = 10.0.40219.1
Project("{FAE04EC0-301F-11D3-BF4B-00C04F79EFBC}") = "TourCompany", "TourCompany\TourCompany.csproj", "{E35CB9B1-3D67-4F26-8C71-16B6AF27423D}"
EndProject
Global
	GlobalSection(SolutionConfigurationPlatforms) = preSolution
		Debug|Any CPU = Debug|Any CPU
		Release|Any CPU = Release|Any CPU
	EndGlobalSection
	GlobalSection(ProjectConfigurationPlatforms) = postSolution
		{E35CB9B1-3D67-4F26-8C71-16B6AF27423D}.Debug|Any CPU.ActiveCfg = Debug|Any CPU
		{E35CB9B1-3D67-4F26-8C71-16B6AF27423D}.Debug|Any CPU.Build.0 = Debug|Any CPU
		{E35CB9B1-3D67-4F26-8C71-16B6AF27423D}.Release|Any CPU.ActiveCfg = Release|Any CPU
		{E35CB9B1-3D67-4F26-8C71-16B6AF27423D}.Release|Any CPU.Build.0 = Release|Any CPU
	EndGlobalSection
	GlobalSection(SolutionProperties) = preSolution
		HideSolutionNode = FALSE
	EndGlobalSection
	GlobalSection(ExtensibilityGlobals) = postSolution
		SolutionGuid = {694B60B4-294A-4F25-A582-01B9F08AB950}
	EndGlobalSection
EndGlobal
